
Microsoft Visual Studio Solution File, Format Version 12.00
# Visual Studio Version 16
VisualStudioVersion = 16.0.30503.244
MinimumVisualStudioVersion = 10.0.40219.1
Project("{FAE04EC0-301F-11D3-BF4B-00C04F79EFBC}") = "SimpleWebScraper", "SimpleWebScraper.csproj", "{BEF5CC5F-EBF5-4483-BB88-1DA51C68B027}"
EndProject
Global
	GlobalSection(SolutionConfigurationPlatforms) = preSolution
		Debug|Any CPU = Debug|Any CPU
		Release|Any CPU = Release|Any CPU
	EndGlobalSection
	GlobalSection(ProjectConfigurationPlatforms) = postSolution
		{BEF5CC5F-EBF5-4483-BB88-1DA51C68B027}.Debug|Any CPU.ActiveCfg = Debug|Any CPU
		{BEF5CC5F-EBF5-4483-BB88-1DA51C68B027}.Debug|Any CPU.Build.0 = Debug|Any CPU
		{BEF5CC5F-EBF5-4483-BB88-1DA51C68B027}.Release|Any CPU.ActiveCfg = Release|Any CPU
		{BEF5CC5F-EBF5-4483-BB88-1DA51C68B027}.Release|Any CPU.Build.0 = Release|Any CPU
	EndGlobalSection
	GlobalSection(SolutionProperties) = preSolution
		HideSolutionNode = FALSE
	EndGlobalSection
	GlobalSection(ExtensibilityGlobals) = postSolution
		SolutionGuid = {BEA3E584-0005-4304-BDC6-73993625267E}
	EndGlobalSection
EndGlobal
